<?xml version="1.0" encoding="utf-8"?>
<Project ToolsVersion="4.0" xmlns="http://schemas.microsoft.com/developer/msbuild/2003">
  <ItemGroup>
    <ClCompile Include="$(MSBuildThisFileDirectory)Camera.cpp" />
    <ClCompile Include="$(MSBuildThisFileDirectory)Collider.cpp" />
    <ClCompile Include="$(MSBuildThisFileDirectory)Entity.cpp" />
    <ClCompile Include="$(MSBuildThisFileDirectory)GameObject.cpp" />
    <ClCompile Include="$(MSBuildThisFileDirectory)InputManager.cpp" />
    <ClCompile Include="$(MSBuildThisFileDirectory)Lights.cpp" />
    <ClCompile Include="$(MSBuildThisFileDirectory)Material.cpp" />
    <ClCompile Include="$(MSBuildThisFileDirectory)Mesh.cpp" />
    <ClCompile Include="$(MSBuildThisFileDirectory)Renderer.cpp" />
    <ClCompile Include="$(MSBuildThisFileDirectory)SimpleShader.cpp" />
    <ClCompile Include="$(MSBuildThisFileDirectory)LightManager.cpp" />
  </ItemGroup>
  <ItemGroup>
    <ClInclude Include="$(MSBuildThisFileDirectory)Camera.h" />
    <ClInclude Include="$(MSBuildThisFileDirectory)Collider.h" />
    <ClInclude Include="$(MSBuildThisFileDirectory)Entity.h" />
    <ClInclude Include="$(MSBuildThisFileDirectory)GameObject.h" />
    <ClInclude Include="$(MSBuildThisFileDirectory)InputManager.h" />
    <ClInclude Include="$(MSBuildThisFileDirectory)Lights.h" />
    <ClInclude Include="$(MSBuildThisFileDirectory)Material.h" />
    <ClInclude Include="$(MSBuildThisFileDirectory)Mesh.h" />
    <ClInclude Include="$(MSBuildThisFileDirectory)Renderer.h" />
    <ClInclude Include="$(MSBuildThisFileDirectory)SimpleShader.h" />
    <ClInclude Include="$(MSBuildThisFileDirectory)Vertex.h" />
    <ClInclude Include="$(MSBuildThisFileDirectory)LightManager.h" />
  </ItemGroup>
</Project>